
Microsoft Visual Studio Solution File, Format Version 12.00
# Visual Studio Express 2013 for Windows Desktop
VisualStudioVersion = 12.0.30723.0
MinimumVisualStudioVersion = 10.0.40219.1
Project("{8BC9CEB8-8B4A-11D0-8D11-00A0C91BC942}") = "MatrixComputation", "MatrixComputation\MatrixComputation.vcxproj", "{B634E4B6-9CF9-44A2-8C40-E41E745FC4E4}"
EndProject
Project("{8BC9CEB8-8B4A-11D0-8D11-00A0C91BC942}") = "_test", "_test\_test.vcxproj", "{5D7A6BCA-74B3-41AA-A110-24226AEAC6C8}"
EndProject
Project("{8BC9CEB8-8B4A-11D0-8D11-00A0C91BC942}") = "MathematicsExpresssion", "MathematicsExpresssion\MathematicsExpresssion.vcxproj", "{34ACA796-84E0-4734-BC5B-4B442DADCAC3}"
EndProject
Project("{8BC9CEB8-8B4A-11D0-8D11-00A0C91BC942}") = "ExceptionClass", "ExceptionClass\ExceptionClass.vcxproj", "{435685EC-A53A-4234-B49A-624DB2567F4D}"
EndProject
Project("{8BC9CEB8-8B4A-11D0-8D11-00A0C91BC942}") = "SpecialFunction", "SpecialFunction\SpecialFunction.vcxproj", "{172D05A4-FFFA-47E8-9DD5-8AB443A6DCAB}"
EndProject
Project("{8BC9CEB8-8B4A-11D0-8D11-00A0C91BC942}") = "StatisticsComputation", "StatisticsComputation\StatisticsComputation.vcxproj", "{79FDD124-57A7-4642-9933-BD43A36B54C6}"
EndProject
Global
	GlobalSection(SolutionConfigurationPlatforms) = preSolution
		Debug|Win32 = Debug|Win32
		Release|Win32 = Release|Win32
	EndGlobalSection
	GlobalSection(ProjectConfigurationPlatforms) = postSolution
		{B634E4B6-9CF9-44A2-8C40-E41E745FC4E4}.Debug|Win32.ActiveCfg = Debug|Win32
		{B634E4B6-9CF9-44A2-8C40-E41E745FC4E4}.Debug|Win32.Build.0 = Debug|Win32
		{B634E4B6-9CF9-44A2-8C40-E41E745FC4E4}.Release|Win32.ActiveCfg = Release|Win32
		{B634E4B6-9CF9-44A2-8C40-E41E745FC4E4}.Release|Win32.Build.0 = Release|Win32
		{5D7A6BCA-74B3-41AA-A110-24226AEAC6C8}.Debug|Win32.ActiveCfg = Debug|Win32
		{5D7A6BCA-74B3-41AA-A110-24226AEAC6C8}.Debug|Win32.Build.0 = Debug|Win32
		{5D7A6BCA-74B3-41AA-A110-24226AEAC6C8}.Release|Win32.ActiveCfg = Release|Win32
		{5D7A6BCA-74B3-41AA-A110-24226AEAC6C8}.Release|Win32.Build.0 = Release|Win32
		{34ACA796-84E0-4734-BC5B-4B442DADCAC3}.Debug|Win32.ActiveCfg = Debug|Win32
		{34ACA796-84E0-4734-BC5B-4B442DADCAC3}.Debug|Win32.Build.0 = Debug|Win32
		{34ACA796-84E0-4734-BC5B-4B442DADCAC3}.Release|Win32.ActiveCfg = Release|Win32
		{34ACA796-84E0-4734-BC5B-4B442DADCAC3}.Release|Win32.Build.0 = Release|Win32
		{435685EC-A53A-4234-B49A-624DB2567F4D}.Debug|Win32.ActiveCfg = Debug|Win32
		{435685EC-A53A-4234-B49A-624DB2567F4D}.Debug|Win32.Build.0 = Debug|Win32
		{435685EC-A53A-4234-B49A-624DB2567F4D}.Release|Win32.ActiveCfg = Release|Win32
		{435685EC-A53A-4234-B49A-624DB2567F4D}.Release|Win32.Build.0 = Release|Win32
		{172D05A4-FFFA-47E8-9DD5-8AB443A6DCAB}.Debug|Win32.ActiveCfg = Debug|Win32
		{172D05A4-FFFA-47E8-9DD5-8AB443A6DCAB}.Debug|Win32.Build.0 = Debug|Win32
		{172D05A4-FFFA-47E8-9DD5-8AB443A6DCAB}.Release|Win32.ActiveCfg = Release|Win32
		{172D05A4-FFFA-47E8-9DD5-8AB443A6DCAB}.Release|Win32.Build.0 = Release|Win32
		{79FDD124-57A7-4642-9933-BD43A36B54C6}.Debug|Win32.ActiveCfg = Debug|Win32
		{79FDD124-57A7-4642-9933-BD43A36B54C6}.Debug|Win32.Build.0 = Debug|Win32
		{79FDD124-57A7-4642-9933-BD43A36B54C6}.Release|Win32.ActiveCfg = Release|Win32
		{79FDD124-57A7-4642-9933-BD43A36B54C6}.Release|Win32.Build.0 = Release|Win32
	EndGlobalSection
	GlobalSection(SolutionProperties) = preSolution
		HideSolutionNode = FALSE
	EndGlobalSection
EndGlobal
