<?xml version="1.0" encoding="utf-8"?>
<Project ToolsVersion="4.0" xmlns="http://schemas.microsoft.com/developer/msbuild/2003">
  <ItemGroup>
    <Filter Include="源文件">
      <UniqueIdentifier>{4FC737F1-C7A5-4376-A066-2A32D752A2FF}</UniqueIdentifier>
      <Extensions>cpp;c;cc;cxx;def;odl;idl;hpj;bat;asm;asmx</Extensions>
    </Filter>
    <Filter Include="头文件">
      <UniqueIdentifier>{93995380-89BD-4b04-88EB-625FBE52EBFB}</UniqueIdentifier>
      <Extensions>h;hh;hpp;hxx;hm;inl;inc;xsd</Extensions>
    </Filter>
    <Filter Include="资源文件">
      <UniqueIdentifier>{67DA6AB6-F800-4c08-8B7A-83BB121AAD01}</UniqueIdentifier>
      <Extensions>rc;ico;cur;bmp;dlg;rc2;rct;bin;rgs;gif;jpg;jpeg;jpe;resx;tiff;tif;png;wav;mfcribbon-ms</Extensions>
    </Filter>
    <Filter Include="头文件\SDE">
      <UniqueIdentifier>{456b41e1-32cd-424e-8a01-4cbfeda10846}</UniqueIdentifier>
    </Filter>
    <Filter Include="头文件\SDE\SDE1D">
      <UniqueIdentifier>{87f42474-dc8c-469a-9e43-7bb1c1a958d1}</UniqueIdentifier>
    </Filter>
    <Filter Include="头文件\SDEsolver">
      <UniqueIdentifier>{2886cc83-82bf-4495-b28b-cf0a877dc868}</UniqueIdentifier>
    </Filter>
    <Filter Include="头文件\SDEsolver\SDEsolver1D">
      <UniqueIdentifier>{19e07ad0-99df-4db2-9d5c-860e036db85a}</UniqueIdentifier>
    </Filter>
    <Filter Include="头文件\SDEsolver\SDEsolver1D\FiniteDifferenceMethod">
      <UniqueIdentifier>{de888327-408e-4f5d-a9f6-6153bc4f881f}</UniqueIdentifier>
    </Filter>
    <Filter Include="头文件\SDEsolver\SDEsolver1D\LocalLinearizationMethod">
      <UniqueIdentifier>{7b368a45-e99b-45e1-8821-8cb0157532e6}</UniqueIdentifier>
    </Filter>
    <Filter Include="头文件\SDEsolver\SDEsolver1D\PredictorCorrectorMethod">
      <UniqueIdentifier>{7f2c9ac2-ee72-43fb-8281-c10ae82bb98b}</UniqueIdentifier>
    </Filter>
    <Filter Include="头文件\StochasticProcess">
      <UniqueIdentifier>{19085813-0624-4ca6-a306-52d3d52a2b79}</UniqueIdentifier>
    </Filter>
    <Filter Include="头文件\StochasticProcess\Continuous">
      <UniqueIdentifier>{a6d7a544-d725-48ea-8edf-992bb9cbb773}</UniqueIdentifier>
    </Filter>
    <Filter Include="头文件\StochasticProcess\Discrete">
      <UniqueIdentifier>{8ea658c7-4061-47f0-9ea3-e52bbbf664ac}</UniqueIdentifier>
    </Filter>
  </ItemGroup>
  <ItemGroup>
    <ClInclude Include="SDE\SDE1D\CIRtype1.h">
      <Filter>头文件\SDE\SDE1D</Filter>
    </ClInclude>
    <ClInclude Include="SDE\SDE1D\CIRtype2.h">
      <Filter>头文件\SDE\SDE1D</Filter>
    </ClInclude>
    <ClInclude Include="SDE\SDE1D\CKLS.h">
      <Filter>头文件\SDE\SDE1D</Filter>
    </ClInclude>
    <ClInclude Include="SDE\SDE1D\GBM.h">
      <Filter>头文件\SDE\SDE1D</Filter>
    </ClInclude>
    <ClInclude Include="SDE\SDE1D\LLM.h">
      <Filter>头文件\SDE\SDE1D</Filter>
    </ClInclude>
    <ClInclude Include="SDE\SDE1D\ModifiedCIR.h">
      <Filter>头文件\SDE\SDE1D</Filter>
    </ClInclude>
    <ClInclude Include="SDE\SDE1D\OUtype1.h">
      <Filter>头文件\SDE\SDE1D</Filter>
    </ClInclude>
    <ClInclude Include="SDE\SDE1D\OUtype2.h">
      <Filter>头文件\SDE\SDE1D</Filter>
    </ClInclude>
    <ClInclude Include="SDE\SDE1D\ItoDiffusion1D.h">
      <Filter>头文件\SDE\SDE1D</Filter>
    </ClInclude>
    <ClInclude Include="Range.h">
      <Filter>头文件</Filter>
    </ClInclude>
    <ClInclude Include="include.h">
      <Filter>头文件</Filter>
    </ClInclude>
    <ClInclude Include="SDEsolver\SDEsolver1D\FiniteDifferenceMethod\EulerMethod1D.h">
      <Filter>头文件\SDEsolver\SDEsolver1D\FiniteDifferenceMethod</Filter>
    </ClInclude>
    <ClInclude Include="SDEsolver\SDEsolver1D\FiniteDifferenceMethod\MilsteinMethod1D.h">
      <Filter>头文件\SDEsolver\SDEsolver1D\FiniteDifferenceMethod</Filter>
    </ClInclude>
    <ClInclude Include="SDEsolver\SDEsolver1D\FiniteDifferenceMethod\SecondMilsteinMethod1D.h">
      <Filter>头文件\SDEsolver\SDEsolver1D\FiniteDifferenceMethod</Filter>
    </ClInclude>
    <ClInclude Include="SDEsolver\SDEsolver1D\FiniteDifferenceMethod\StrongOrder1_0RungeKuttaMethod1D.h">
      <Filter>头文件\SDEsolver\SDEsolver1D\FiniteDifferenceMethod</Filter>
    </ClInclude>
    <ClInclude Include="SDEsolver\SDEsolver1D\FiniteDifferenceMethod\StrongOrder1_5TaylorMethod1D.h">
      <Filter>头文件\SDEsolver\SDEsolver1D\FiniteDifferenceMethod</Filter>
    </ClInclude>
    <ClInclude Include="SDEsolver\SDEsolver1D\FiniteDifferenceMethod\WeakOrder2_0RungeKuttaMethod1D.h">
      <Filter>头文件\SDEsolver\SDEsolver1D\FiniteDifferenceMethod</Filter>
    </ClInclude>
    <ClInclude Include="SDEsolver\SDEsolver1D\FiniteDifferenceMethod\WeakOrder2_0TaylorMethod1D.h">
      <Filter>头文件\SDEsolver\SDEsolver1D\FiniteDifferenceMethod</Filter>
    </ClInclude>
    <ClInclude Include="RandomSource.h">
      <Filter>头文件</Filter>
    </ClInclude>
    <ClInclude Include="SDEsolver\SDEsolver1D\LocalLinearizationMethod\OzakiMethod1D.h">
      <Filter>头文件\SDEsolver\SDEsolver1D\LocalLinearizationMethod</Filter>
    </ClInclude>
    <ClInclude Include="SDEsolver\SDEsolver1D\LocalLinearizationMethod\ShojiOzakiMethod1D.h">
      <Filter>头文件\SDEsolver\SDEsolver1D\LocalLinearizationMethod</Filter>
    </ClInclude>
    <ClInclude Include="SDEsolver\SDEsolver1D\PredictorCorrectorMethod\PredictorCorrectorMethod1D.h">
      <Filter>头文件\SDEsolver\SDEsolver1D\PredictorCorrectorMethod</Filter>
    </ClInclude>
    <ClInclude Include="StochasticProcess\Continuous\BrownianMotion.h">
      <Filter>头文件\StochasticProcess\Continuous</Filter>
    </ClInclude>
    <ClInclude Include="StochasticProcess\Continuous\BMExactSolution.h">
      <Filter>头文件\StochasticProcess\Continuous</Filter>
    </ClInclude>
    <ClInclude Include="StochasticProcess\Discrete\RandomWalk.h">
      <Filter>头文件\StochasticProcess\Discrete</Filter>
    </ClInclude>
  </ItemGroup>
</Project>